Microsoft Visual Studio Solution File, Format Version 12.00
# Visual Studio Version 17
VisualStudioVersion = 17.0.31903.59
MinimumVisualStudioVersion = 10.0.40219.1
Project("{FAE04EC0-301F-11D3-BF4B-00C04F79EFBC}") = "QuanLySinhVien.Presentation", "Presentation\QuanLySinhVien.Presentation.csproj", "{BFF7D928-9475-4BCB-9B4C-8132217A60A6}"
EndProject
Project("{FAE04EC0-301F-11D3-BF4B-00C04F79EFBC}") = "QuanLySinhVien.Entity", "Entity\QuanLySinhVien.Entity.csproj", "{C2274446-0681-4592-B7E0-CF6F7150A2B3}"
EndProject
Project("{FAE04EC0-301F-11D3-BF4B-00C04F79EFBC}") = "QuanLySinhVien.DataAccess", "DataAccess\QuanLySinhVien.DataAccess.csproj", "{C502B177-95C4-4140-B414-FF249C64CDEF}"
EndProject
Project("{FAE04EC0-301F-11D3-BF4B-00C04F79EFBC}") = "QuanLySinhVien.Business", "Business\QuanLySinhVien.Business.csproj", "{F4365B89-FC76-4BF1-B45A-0CFF86F2B1DE}"
EndProject
Project("{FAE04EC0-301F-11D3-BF4B-00C04F79EFBC}") = "QuanLySinhVien.Tests", "Tests\QuanLySinhVien.Tests.csproj", "{EF0E1776-F443-4611-B121-A25F01D8F29B}"
EndProject
Global
	GlobalSection(SolutionConfigurationPlatforms) = preSolution
		Debug|Any CPU = Debug|Any CPU
		Release|Any CPU = Release|Any CPU
	EndGlobalSection
	GlobalSection(ProjectConfigurationPlatforms) = postSolution
		{BFF7D928-9475-4BCB-9B4C-8132217A60A6}.Debug|Any CPU.ActiveCfg = Debug|Any CPU
		{BFF7D928-9475-4BCB-9B4C-8132217A60A6}.Debug|Any CPU.Build.0 = Debug|Any CPU
		{BFF7D928-9475-4BCB-9B4C-8132217A60A6}.Release|Any CPU.ActiveCfg = Release|Any CPU
		{BFF7D928-9475-4BCB-9B4C-8132217A60A6}.Release|Any CPU.Build.0 = Release|Any CPU
		{C2274446-0681-4592-B7E0-CF6F7150A2B3}.Debug|Any CPU.ActiveCfg = Debug|Any CPU
		{C2274446-0681-4592-B7E0-CF6F7150A2B3}.Debug|Any CPU.Build.0 = Debug|Any CPU
		{C2274446-0681-4592-B7E0-CF6F7150A2B3}.Release|Any CPU.ActiveCfg = Release|Any CPU
		{C2274446-0681-4592-B7E0-CF6F7150A2B3}.Release|Any CPU.Build.0 = Release|Any CPU
		{C502B177-95C4-4140-B414-FF249C64CDEF}.Debug|Any CPU.ActiveCfg = Debug|Any CPU
		{C502B177-95C4-4140-B414-FF249C64CDEF}.Debug|Any CPU.Build.0 = Debug|Any CPU
		{C502B177-95C4-4140-B414-FF249C64CDEF}.Release|Any CPU.ActiveCfg = Release|Any CPU
		{C502B177-95C4-4140-B414-FF249C64CDEF}.Release|Any CPU.Build.0 = Release|Any CPU
		{F4365B89-FC76-4BF1-B45A-0CFF86F2B1DE}.Debug|Any CPU.ActiveCfg = Debug|Any CPU
		{F4365B89-FC76-4BF1-B45A-0CFF86F2B1DE}.Debug|Any CPU.Build.0 = Debug|Any CPU
		{F4365B89-FC76-4BF1-B45A-0CFF86F2B1DE}.Release|Any CPU.ActiveCfg = Release|Any CPU
		{F4365B89-FC76-4BF1-B45A-0CFF86F2B1DE}.Release|Any CPU.Build.0 = Release|Any CPU
		{EF0E1776-F443-4611-B121-A25F01D8F29B}.Debug|Any CPU.ActiveCfg = Debug|Any CPU
		{EF0E1776-F443-4611-B121-A25F01D8F29B}.Debug|Any CPU.Build.0 = Debug|Any CPU
		{EF0E1776-F443-4611-B121-A25F01D8F29B}.Release|Any CPU.ActiveCfg = Release|Any CPU
		{EF0E1776-F443-4611-B121-A25F01D8F29B}.Release|Any CPU.Build.0 = Release|Any CPU
	EndGlobalSection
EndGlobal
